
Microsoft Visual Studio Solution File, Format Version 12.00
# Visual Studio Version 17
VisualStudioVersion = 17.11.35327.3
MinimumVisualStudioVersion = 10.0.40219.1
Project("{2150E333-8FDC-42A3-9474-1A3956D46DE8}") = "Core", "Core", "{602FE627-D15F-4AD0-B113-8CC7CDF0FD65}"
EndProject
Project("{9A19103F-16F7-4668-BE54-9A1E7A4F7556}") = "ECommerceAPI.Domain", "Core\ECommerceAPI.Domain\ECommerceAPI.Domain.csproj", "{087060AC-288E-4CD8-8CAE-93E5EEED7DC4}"
EndProject
Project("{9A19103F-16F7-4668-BE54-9A1E7A4F7556}") = "ECommerceAPI.Application", "Core\ECommerceAPI.Application\ECommerceAPI.Application.csproj", "{EC13D12A-B71E-4250-9197-6D594AC654DA}"
EndProject
Project("{2150E333-8FDC-42A3-9474-1A3956D46DE8}") = "Infrastructure", "Infrastructure", "{E1E6EACC-8A3F-49C3-B1CC-48881BF450BD}"
EndProject
Project("{9A19103F-16F7-4668-BE54-9A1E7A4F7556}") = "ECommerceAPI.Persistence", "Infrastructure\ECommerceAPI.Persistance\ECommerceAPI.Persistence.csproj", "{B1AF78B8-6975-4CDF-878E-D03AAE82AF4F}"
EndProject
Project("{9A19103F-16F7-4668-BE54-9A1E7A4F7556}") = "ECommerceAPI.Infrastructure", "Infrastructure\ECommerceAPI.Infrastructure\ECommerceAPI.Infrastructure.csproj", "{DC88FF42-C81C-46C5-B3CF-1A42655E43D5}"
EndProject
Project("{2150E333-8FDC-42A3-9474-1A3956D46DE8}") = "Presentation", "Presentation", "{33B67B4B-B755-4513-BCA6-8E65C4D258D6}"
EndProject
Project("{9A19103F-16F7-4668-BE54-9A1E7A4F7556}") = "ECommerceAPI.API", "Presentation\ECommerceAPI.Presentation\ECommerceAPI.API.csproj", "{F46D8D75-B007-415F-971A-4F5303A28CDD}"
EndProject
Global
	GlobalSection(SolutionConfigurationPlatforms) = preSolution
		Debug|Any CPU = Debug|Any CPU
		Release|Any CPU = Release|Any CPU
	EndGlobalSection
	GlobalSection(ProjectConfigurationPlatforms) = postSolution
		{087060AC-288E-4CD8-8CAE-93E5EEED7DC4}.Debug|Any CPU.ActiveCfg = Debug|Any CPU
		{087060AC-288E-4CD8-8CAE-93E5EEED7DC4}.Debug|Any CPU.Build.0 = Debug|Any CPU
		{087060AC-288E-4CD8-8CAE-93E5EEED7DC4}.Release|Any CPU.ActiveCfg = Release|Any CPU
		{087060AC-288E-4CD8-8CAE-93E5EEED7DC4}.Release|Any CPU.Build.0 = Release|Any CPU
		{EC13D12A-B71E-4250-9197-6D594AC654DA}.Debug|Any CPU.ActiveCfg = Debug|Any CPU
		{EC13D12A-B71E-4250-9197-6D594AC654DA}.Debug|Any CPU.Build.0 = Debug|Any CPU
		{EC13D12A-B71E-4250-9197-6D594AC654DA}.Release|Any CPU.ActiveCfg = Release|Any CPU
		{EC13D12A-B71E-4250-9197-6D594AC654DA}.Release|Any CPU.Build.0 = Release|Any CPU
		{B1AF78B8-6975-4CDF-878E-D03AAE82AF4F}.Debug|Any CPU.ActiveCfg = Debug|Any CPU
		{B1AF78B8-6975-4CDF-878E-D03AAE82AF4F}.Debug|Any CPU.Build.0 = Debug|Any CPU
		{B1AF78B8-6975-4CDF-878E-D03AAE82AF4F}.Release|Any CPU.ActiveCfg = Release|Any CPU
		{B1AF78B8-6975-4CDF-878E-D03AAE82AF4F}.Release|Any CPU.Build.0 = Release|Any CPU
		{DC88FF42-C81C-46C5-B3CF-1A42655E43D5}.Debug|Any CPU.ActiveCfg = Debug|Any CPU
		{DC88FF42-C81C-46C5-B3CF-1A42655E43D5}.Debug|Any CPU.Build.0 = Debug|Any CPU
		{DC88FF42-C81C-46C5-B3CF-1A42655E43D5}.Release|Any CPU.ActiveCfg = Release|Any CPU
		{DC88FF42-C81C-46C5-B3CF-1A42655E43D5}.Release|Any CPU.Build.0 = Release|Any CPU
		{F46D8D75-B007-415F-971A-4F5303A28CDD}.Debug|Any CPU.ActiveCfg = Debug|Any CPU
		{F46D8D75-B007-415F-971A-4F5303A28CDD}.Debug|Any CPU.Build.0 = Debug|Any CPU
		{F46D8D75-B007-415F-971A-4F5303A28CDD}.Release|Any CPU.ActiveCfg = Release|Any CPU
		{F46D8D75-B007-415F-971A-4F5303A28CDD}.Release|Any CPU.Build.0 = Release|Any CPU
	EndGlobalSection
	GlobalSection(SolutionProperties) = preSolution
		HideSolutionNode = FALSE
	EndGlobalSection
	GlobalSection(NestedProjects) = preSolution
		{087060AC-288E-4CD8-8CAE-93E5EEED7DC4} = {602FE627-D15F-4AD0-B113-8CC7CDF0FD65}
		{EC13D12A-B71E-4250-9197-6D594AC654DA} = {602FE627-D15F-4AD0-B113-8CC7CDF0FD65}
		{B1AF78B8-6975-4CDF-878E-D03AAE82AF4F} = {E1E6EACC-8A3F-49C3-B1CC-48881BF450BD}
		{DC88FF42-C81C-46C5-B3CF-1A42655E43D5} = {E1E6EACC-8A3F-49C3-B1CC-48881BF450BD}
		{F46D8D75-B007-415F-971A-4F5303A28CDD} = {33B67B4B-B755-4513-BCA6-8E65C4D258D6}
	EndGlobalSection
	GlobalSection(ExtensibilityGlobals) = postSolution
		SolutionGuid = {5B23AB61-21A5-4B42-B12B-4852E73349A3}
	EndGlobalSection
EndGlobal
